
Microsoft Visual Studio Solution File, Format Version 12.00
# Visual Studio 14
VisualStudioVersion = 14.0.25420.1
MinimumVisualStudioVersion = 10.0.40219.1
Project("{8BC9CEB8-8B4A-11D0-8D11-00A0C91BC942}") = "Tuan2", "DHMT_TranMinhChien\DHMT_TranMinhChien.vcxproj", "{815B4CED-302C-4168-AEF1-18607105896D}"
EndProject
Project("{8BC9CEB8-8B4A-11D0-8D11-00A0C91BC942}") = "Bai1", "Bai1\Bai1.vcxproj", "{A4FC68D0-B09B-4B16-94DD-216CD08F1993}"
EndProject
Project("{8BC9CEB8-8B4A-11D0-8D11-00A0C91BC942}") = "Bai2", "Bai2\Bai2.vcxproj", "{9E701383-3FCE-4A24-B746-293E1A89C811}"
EndProject
Project("{8BC9CEB8-8B4A-11D0-8D11-00A0C91BC942}") = "Bai3", "Bai3\Bai3.vcxproj", "{0BD37804-98DE-4A87-B623-4865D87CFF1D}"
EndProject
Project("{8BC9CEB8-8B4A-11D0-8D11-00A0C91BC942}") = "LapPhuong3D", "LapPhuong3D\LapPhuong3D.vcxproj", "{D81026DF-89EC-4E08-ACAD-DFDAF6581DA4}"
EndProject
Global
	GlobalSection(SolutionConfigurationPlatforms) = preSolution
		Debug|x64 = Debug|x64
		Debug|x86 = Debug|x86
		Release|x64 = Release|x64
		Release|x86 = Release|x86
	EndGlobalSection
	GlobalSection(ProjectConfigurationPlatforms) = postSolution
		{815B4CED-302C-4168-AEF1-18607105896D}.Debug|x64.ActiveCfg = Debug|x64
		{815B4CED-302C-4168-AEF1-18607105896D}.Debug|x64.Build.0 = Debug|x64
		{815B4CED-302C-4168-AEF1-18607105896D}.Debug|x86.ActiveCfg = Debug|Win32
		{815B4CED-302C-4168-AEF1-18607105896D}.Debug|x86.Build.0 = Debug|Win32
		{815B4CED-302C-4168-AEF1-18607105896D}.Release|x64.ActiveCfg = Release|x64
		{815B4CED-302C-4168-AEF1-18607105896D}.Release|x64.Build.0 = Release|x64
		{815B4CED-302C-4168-AEF1-18607105896D}.Release|x86.ActiveCfg = Release|Win32
		{815B4CED-302C-4168-AEF1-18607105896D}.Release|x86.Build.0 = Release|Win32
		{A4FC68D0-B09B-4B16-94DD-216CD08F1993}.Debug|x64.ActiveCfg = Debug|x64
		{A4FC68D0-B09B-4B16-94DD-216CD08F1993}.Debug|x64.Build.0 = Debug|x64
		{A4FC68D0-B09B-4B16-94DD-216CD08F1993}.Debug|x86.ActiveCfg = Debug|Win32
		{A4FC68D0-B09B-4B16-94DD-216CD08F1993}.Debug|x86.Build.0 = Debug|Win32
		{A4FC68D0-B09B-4B16-94DD-216CD08F1993}.Release|x64.ActiveCfg = Release|x64
		{A4FC68D0-B09B-4B16-94DD-216CD08F1993}.Release|x64.Build.0 = Release|x64
		{A4FC68D0-B09B-4B16-94DD-216CD08F1993}.Release|x86.ActiveCfg = Release|Win32
		{A4FC68D0-B09B-4B16-94DD-216CD08F1993}.Release|x86.Build.0 = Release|Win32
		{9E701383-3FCE-4A24-B746-293E1A89C811}.Debug|x64.ActiveCfg = Debug|x64
		{9E701383-3FCE-4A24-B746-293E1A89C811}.Debug|x64.Build.0 = Debug|x64
		{9E701383-3FCE-4A24-B746-293E1A89C811}.Debug|x86.ActiveCfg = Debug|Win32
		{9E701383-3FCE-4A24-B746-293E1A89C811}.Debug|x86.Build.0 = Debug|Win32
		{9E701383-3FCE-4A24-B746-293E1A89C811}.Release|x64.ActiveCfg = Release|x64
		{9E701383-3FCE-4A24-B746-293E1A89C811}.Release|x64.Build.0 = Release|x64
		{9E701383-3FCE-4A24-B746-293E1A89C811}.Release|x86.ActiveCfg = Release|Win32
		{9E701383-3FCE-4A24-B746-293E1A89C811}.Release|x86.Build.0 = Release|Win32
		{0BD37804-98DE-4A87-B623-4865D87CFF1D}.Debug|x64.ActiveCfg = Debug|x64
		{0BD37804-98DE-4A87-B623-4865D87CFF1D}.Debug|x64.Build.0 = Debug|x64
		{0BD37804-98DE-4A87-B623-4865D87CFF1D}.Debug|x86.ActiveCfg = Debug|Win32
		{0BD37804-98DE-4A87-B623-4865D87CFF1D}.Debug|x86.Build.0 = Debug|Win32
		{0BD37804-98DE-4A87-B623-4865D87CFF1D}.Release|x64.ActiveCfg = Release|x64
		{0BD37804-98DE-4A87-B623-4865D87CFF1D}.Release|x64.Build.0 = Release|x64
		{0BD37804-98DE-4A87-B623-4865D87CFF1D}.Release|x86.ActiveCfg = Release|Win32
		{0BD37804-98DE-4A87-B623-4865D87CFF1D}.Release|x86.Build.0 = Release|Win32
		{D81026DF-89EC-4E08-ACAD-DFDAF6581DA4}.Debug|x64.ActiveCfg = Debug|x64
		{D81026DF-89EC-4E08-ACAD-DFDAF6581DA4}.Debug|x64.Build.0 = Debug|x64
		{D81026DF-89EC-4E08-ACAD-DFDAF6581DA4}.Debug|x86.ActiveCfg = Debug|Win32
		{D81026DF-89EC-4E08-ACAD-DFDAF6581DA4}.Debug|x86.Build.0 = Debug|Win32
		{D81026DF-89EC-4E08-ACAD-DFDAF6581DA4}.Release|x64.ActiveCfg = Release|x64
		{D81026DF-89EC-4E08-ACAD-DFDAF6581DA4}.Release|x64.Build.0 = Release|x64
		{D81026DF-89EC-4E08-ACAD-DFDAF6581DA4}.Release|x86.ActiveCfg = Release|Win32
		{D81026DF-89EC-4E08-ACAD-DFDAF6581DA4}.Release|x86.Build.0 = Release|Win32
	EndGlobalSection
	GlobalSection(SolutionProperties) = preSolution
		HideSolutionNode = FALSE
	EndGlobalSection
EndGlobal
